Microsoft Visual Studio Solution File, Format Version 12.00

# Visual Studio Version 17
VisualStudioVersion = 17.0.31912.275
MinimumVisualStudioVersion = 16.0.0.0
Project("{9A19103F-16F7-4668-BE54-9A1E7A4F7556}") = "MyApp.Server", "Server\MyApp.Server.csproj", "{A54B67FE-97AA-43CA-BEF4-97C7BD72A51F}"
EndProject
Project("{9A19103F-16F7-4668-BE54-9A1E7A4F7556}") = "MyApp.Client", "Client\MyApp.Client.csproj", "{43D8F2FE-82AE-4AA1-B8D8-FE5858DA6CDD}"
EndProject
Project("{9A19103F-16F7-4668-BE54-9A1E7A4F7556}") = "MyApp.Shared", "Shared\MyApp.Shared.csproj", "{2A9411C6-B722-49AC-B81F-06C60C159AEC}"
EndProject
Project("{FAE04EC0-301F-11D3-BF4B-00C04F79EFBC}") = "MyApp.Infrastructure", "Infrastructure\MyApp.Infrastructure.csproj", "{72249B29-6211-4704-9632-71B04B020C34}"
EndProject
Project("{FAE04EC0-301F-11D3-BF4B-00C04F79EFBC}") = "Infrastructure.Tests", "Infrastructure.Tests\Infrastructure.Tests.csproj", "{AF9FCC9B-3DFA-4B6F-9958-CB76D4941FF4}"
EndProject

Global
	GlobalSection(SolutionConfigurationPlatforms) = preSolution
		Debug|Any CPU = Debug|Any CPU
		Debug|x64 = Debug|x64
		Debug|x86 = Debug|x86
		Release|Any CPU = Release|Any CPU
		Release|x64 = Release|x64
		Release|x86 = Release|x86
	EndGlobalSection
	GlobalSection(ProjectConfigurationPlatforms) = postSolution
		{A54B67FE-97AA-43CA-BEF4-97C7BD72A51F}.Debug|Any CPU.ActiveCfg = Debug|Any CPU
		{A54B67FE-97AA-43CA-BEF4-97C7BD72A51F}.Debug|Any CPU.Build.0 = Debug|Any CPU
		{A54B67FE-97AA-43CA-BEF4-97C7BD72A51F}.Debug|x64.ActiveCfg = Debug|Any CPU
		{A54B67FE-97AA-43CA-BEF4-97C7BD72A51F}.Debug|x64.Build.0 = Debug|Any CPU
		{A54B67FE-97AA-43CA-BEF4-97C7BD72A51F}.Debug|x86.ActiveCfg = Debug|Any CPU
		{A54B67FE-97AA-43CA-BEF4-97C7BD72A51F}.Debug|x86.Build.0 = Debug|Any CPU
		{A54B67FE-97AA-43CA-BEF4-97C7BD72A51F}.Release|Any CPU.ActiveCfg = Release|Any CPU
		{A54B67FE-97AA-43CA-BEF4-97C7BD72A51F}.Release|Any CPU.Build.0 = Release|Any CPU
		{A54B67FE-97AA-43CA-BEF4-97C7BD72A51F}.Release|x64.ActiveCfg = Release|Any CPU
		{A54B67FE-97AA-43CA-BEF4-97C7BD72A51F}.Release|x64.Build.0 = Release|Any CPU
		{A54B67FE-97AA-43CA-BEF4-97C7BD72A51F}.Release|x86.ActiveCfg = Release|Any CPU
		{A54B67FE-97AA-43CA-BEF4-97C7BD72A51F}.Release|x86.Build.0 = Release|Any CPU
		{43D8F2FE-82AE-4AA1-B8D8-FE5858DA6CDD}.Debug|Any CPU.ActiveCfg = Debug|Any CPU
		{43D8F2FE-82AE-4AA1-B8D8-FE5858DA6CDD}.Debug|Any CPU.Build.0 = Debug|Any CPU
		{43D8F2FE-82AE-4AA1-B8D8-FE5858DA6CDD}.Debug|x64.ActiveCfg = Debug|Any CPU
		{43D8F2FE-82AE-4AA1-B8D8-FE5858DA6CDD}.Debug|x64.Build.0 = Debug|Any CPU
		{43D8F2FE-82AE-4AA1-B8D8-FE5858DA6CDD}.Debug|x86.ActiveCfg = Debug|Any CPU
		{43D8F2FE-82AE-4AA1-B8D8-FE5858DA6CDD}.Debug|x86.Build.0 = Debug|Any CPU
		{43D8F2FE-82AE-4AA1-B8D8-FE5858DA6CDD}.Release|Any CPU.ActiveCfg = Release|Any CPU
		{43D8F2FE-82AE-4AA1-B8D8-FE5858DA6CDD}.Release|Any CPU.Build.0 = Release|Any CPU
		{43D8F2FE-82AE-4AA1-B8D8-FE5858DA6CDD}.Release|x64.ActiveCfg = Release|Any CPU
		{43D8F2FE-82AE-4AA1-B8D8-FE5858DA6CDD}.Release|x64.Build.0 = Release|Any CPU
		{43D8F2FE-82AE-4AA1-B8D8-FE5858DA6CDD}.Release|x86.ActiveCfg = Release|Any CPU
		{43D8F2FE-82AE-4AA1-B8D8-FE5858DA6CDD}.Release|x86.Build.0 = Release|Any CPU
		{2A9411C6-B722-49AC-B81F-06C60C159AEC}.Debug|Any CPU.ActiveCfg = Debug|Any CPU
		{2A9411C6-B722-49AC-B81F-06C60C159AEC}.Debug|Any CPU.Build.0 = Debug|Any CPU
		{2A9411C6-B722-49AC-B81F-06C60C159AEC}.Debug|x64.ActiveCfg = Debug|Any CPU
		{2A9411C6-B722-49AC-B81F-06C60C159AEC}.Debug|x64.Build.0 = Debug|Any CPU
		{2A9411C6-B722-49AC-B81F-06C60C159AEC}.Debug|x86.ActiveCfg = Debug|Any CPU
		{2A9411C6-B722-49AC-B81F-06C60C159AEC}.Debug|x86.Build.0 = Debug|Any CPU
		{2A9411C6-B722-49AC-B81F-06C60C159AEC}.Release|Any CPU.ActiveCfg = Release|Any CPU
		{2A9411C6-B722-49AC-B81F-06C60C159AEC}.Release|Any CPU.Build.0 = Release|Any CPU
		{2A9411C6-B722-49AC-B81F-06C60C159AEC}.Release|x64.ActiveCfg = Release|Any CPU
		{2A9411C6-B722-49AC-B81F-06C60C159AEC}.Release|x64.Build.0 = Release|Any CPU
		{2A9411C6-B722-49AC-B81F-06C60C159AEC}.Release|x86.ActiveCfg = Release|Any CPU
		{2A9411C6-B722-49AC-B81F-06C60C159AEC}.Release|x86.Build.0 = Release|Any CPU
		{72249B29-6211-4704-9632-71B04B020C34}.Debug|Any CPU.ActiveCfg = Debug|Any CPU
		{72249B29-6211-4704-9632-71B04B020C34}.Debug|Any CPU.Build.0 = Debug|Any CPU
		{72249B29-6211-4704-9632-71B04B020C34}.Debug|x64.ActiveCfg = Debug|Any CPU
		{72249B29-6211-4704-9632-71B04B020C34}.Debug|x64.Build.0 = Debug|Any CPU
		{72249B29-6211-4704-9632-71B04B020C34}.Debug|x86.ActiveCfg = Debug|Any CPU
		{72249B29-6211-4704-9632-71B04B020C34}.Debug|x86.Build.0 = Debug|Any CPU
		{72249B29-6211-4704-9632-71B04B020C34}.Release|Any CPU.ActiveCfg = Release|Any CPU
		{72249B29-6211-4704-9632-71B04B020C34}.Release|Any CPU.Build.0 = Release|Any CPU
		{72249B29-6211-4704-9632-71B04B020C34}.Release|x64.ActiveCfg = Release|Any CPU
		{72249B29-6211-4704-9632-71B04B020C34}.Release|x64.Build.0 = Release|Any CPU
		{72249B29-6211-4704-9632-71B04B020C34}.Release|x86.ActiveCfg = Release|Any CPU
		{72249B29-6211-4704-9632-71B04B020C34}.Release|x86.Build.0 = Release|Any CPU
		{AF9FCC9B-3DFA-4B6F-9958-CB76D4941FF4}.Debug|Any CPU.ActiveCfg = Debug|Any CPU
		{AF9FCC9B-3DFA-4B6F-9958-CB76D4941FF4}.Debug|Any CPU.Build.0 = Debug|Any CPU
		{AF9FCC9B-3DFA-4B6F-9958-CB76D4941FF4}.Debug|x64.ActiveCfg = Debug|Any CPU
		{AF9FCC9B-3DFA-4B6F-9958-CB76D4941FF4}.Debug|x64.Build.0 = Debug|Any CPU
		{AF9FCC9B-3DFA-4B6F-9958-CB76D4941FF4}.Debug|x86.ActiveCfg = Debug|Any CPU
		{AF9FCC9B-3DFA-4B6F-9958-CB76D4941FF4}.Debug|x86.Build.0 = Debug|Any CPU
		{AF9FCC9B-3DFA-4B6F-9958-CB76D4941FF4}.Release|Any CPU.ActiveCfg = Release|Any CPU
		{AF9FCC9B-3DFA-4B6F-9958-CB76D4941FF4}.Release|Any CPU.Build.0 = Release|Any CPU
		{AF9FCC9B-3DFA-4B6F-9958-CB76D4941FF4}.Release|x64.ActiveCfg = Release|Any CPU
		{AF9FCC9B-3DFA-4B6F-9958-CB76D4941FF4}.Release|x64.Build.0 = Release|Any CPU
		{AF9FCC9B-3DFA-4B6F-9958-CB76D4941FF4}.Release|x86.ActiveCfg = Release|Any CPU
		{AF9FCC9B-3DFA-4B6F-9958-CB76D4941FF4}.Release|x86.Build.0 = Release|Any CPU

	EndGlobalSection
	GlobalSection(SolutionProperties) = preSolution
		HideSolutionNode = FALSE
	EndGlobalSection
	GlobalSection(ExtensibilityGlobals) = postSolution
		SolutionGuid = {AAA68F3E-0AD7-4D4A-87CF-AA9D5288D664}
	EndGlobalSection
EndGlobal
